
Microsoft Visual Studio Solution File, Format Version 12.00
# Visual Studio 15
VisualStudioVersion = 15.0.26730.12
MinimumVisualStudioVersion = 10.0.40219.1
Project("{FAE04EC0-301F-11D3-BF4B-00C04F79EFBC}") = "MovieStore", "MovieStore\MovieStore.csproj", "{CD6F2C47-B9C8-4A6F-8075-565E8214B101}"
EndProject
Global
	GlobalSection(SolutionConfigurationPlatforms) = preSolution
		Debug|Any CPU = Debug|Any CPU
		Release|Any CPU = Release|Any CPU
	EndGlobalSection
	GlobalSection(ProjectConfigurationPlatforms) = postSolution
		{CD6F2C47-B9C8-4A6F-8075-565E8214B101}.Debug|Any CPU.ActiveCfg = Debug|Any CPU
		{CD6F2C47-B9C8-4A6F-8075-565E8214B101}.Debug|Any CPU.Build.0 = Debug|Any CPU
		{CD6F2C47-B9C8-4A6F-8075-565E8214B101}.Release|Any CPU.ActiveCfg = Release|Any CPU
		{CD6F2C47-B9C8-4A6F-8075-565E8214B101}.Release|Any CPU.Build.0 = Release|Any CPU
	EndGlobalSection
	GlobalSection(SolutionProperties) = preSolution
		HideSolutionNode = FALSE
	EndGlobalSection
	GlobalSection(ExtensibilityGlobals) = postSolution
		SolutionGuid = {C20D63F0-5436-41F7-BA5B-9E34F9051476}
	EndGlobalSection
EndGlobal
